
Microsoft Visual Studio Solution File, Format Version 12.00
# Visual Studio Version 16
VisualStudioVersion = 16.0.29324.140
MinimumVisualStudioVersion = 10.0.40219.1
Project("{FAE04EC0-301F-11D3-BF4B-00C04F79EFBC}") = "Proiect2", "Proiect2\Proiect2.csproj", "{01BEECD8-4450-4568-8456-499507DB1A97}"
EndProject
Global
	GlobalSection(SolutionConfigurationPlatforms) = preSolution
		Debug|Any CPU = Debug|Any CPU
		Release|Any CPU = Release|Any CPU
	EndGlobalSection
	GlobalSection(ProjectConfigurationPlatforms) = postSolution
		{01BEECD8-4450-4568-8456-499507DB1A97}.Debug|Any CPU.ActiveCfg = Debug|Any CPU
		{01BEECD8-4450-4568-8456-499507DB1A97}.Debug|Any CPU.Build.0 = Debug|Any CPU
		{01BEECD8-4450-4568-8456-499507DB1A97}.Release|Any CPU.ActiveCfg = Release|Any CPU
		{01BEECD8-4450-4568-8456-499507DB1A97}.Release|Any CPU.Build.0 = Release|Any CPU
	EndGlobalSection
	GlobalSection(SolutionProperties) = preSolution
		HideSolutionNode = FALSE
	EndGlobalSection
	GlobalSection(ExtensibilityGlobals) = postSolution
		SolutionGuid = {6E815B6F-6951-4B1D-8EF4-3B8E1FF75A66}
	EndGlobalSection
EndGlobal
